Microsoft Visual Studio Solution File, Format Version 12.00
# Visual Studio Version 17
VisualStudioVersion = 17.5.2.0
MinimumVisualStudioVersion = 10.0.40219.1
Project("{FAE04EC0-301F-11D3-BF4B-00C04F79EFBC}") = "ASP.NET Practice", "ASP.NET Practice.csproj", "{1F3EE328-F2E1-77F6-4541-2EFD96713ED3}"
EndProject
Global
	GlobalSection(SolutionConfigurationPlatforms) = preSolution
		Debug|Any CPU = Debug|Any CPU
		Release|Any CPU = Release|Any CPU
	EndGlobalSection
	GlobalSection(ProjectConfigurationPlatforms) = postSolution
		{1F3EE328-F2E1-77F6-4541-2EFD96713ED3}.Debug|Any CPU.ActiveCfg = Debug|Any CPU
		{1F3EE328-F2E1-77F6-4541-2EFD96713ED3}.Debug|Any CPU.Build.0 = Debug|Any CPU
		{1F3EE328-F2E1-77F6-4541-2EFD96713ED3}.Release|Any CPU.ActiveCfg = Release|Any CPU
		{1F3EE328-F2E1-77F6-4541-2EFD96713ED3}.Release|Any CPU.Build.0 = Release|Any CPU
	EndGlobalSection
	GlobalSection(SolutionProperties) = preSolution
		HideSolutionNode = FALSE
	EndGlobalSection
	GlobalSection(ExtensibilityGlobals) = postSolution
		SolutionGuid = {FBC94DC3-A000-4637-B5E5-511BBC3E2A8E}
	EndGlobalSection
EndGlobal
